# This file is generated by running "yarn install" inside your project.
# Manual changes might be lost - proceed with caution!

__metadata:
  version: 6
  cacheKey: 8

"@types/chrome@npm:^0.0.180":
  version: 0.0.180
  resolution: "@types/chrome@npm:0.0.180"
  dependencies:
    "@types/filesystem": "*"
    "@types/har-format": "*"
  checksum: b564442488cfceb18069ead55148762c392761a2174f1a5d3fb6077bfd7b9067b6008c1f41c0b0f118bf2155bbdd81d214723f2dddff15905c706f485d945090
  languageName: node
  linkType: hard

"@types/filesystem@npm:*":
  version: 0.0.32
  resolution: "@types/filesystem@npm:0.0.32"
  dependencies:
    "@types/filewriter": "*"
  checksum: 4b9079d200a3b241722b90e1c5806c4b32c4dac87d42a1c7ef76a2c0dafdbe7d5f1a379b873ad5de73622b44de6599e1522908f67b938d54e785bd1c36e302a0
  languageName: node
  linkType: hard

"@types/filewriter@npm:*":
  version: 0.0.29
  resolution: "@types/filewriter@npm:0.0.29"
  checksum: 0c58aa875c2c245be7dbc42b20212f3203e13d11ec013a4a5cd0febf0e8b87214be5882c05ff9d7bdf0398f145a4fdbc24b7e6cf7b094e134a3b4c7a0598502f
  languageName: node
  linkType: hard

"@types/har-format@npm:*":
  version: 1.2.8
  resolution: "@types/har-format@npm:1.2.8"
  checksum: a14c6f31fb7c39be383638e00b3beaf693acfa6a2d8a10d9333f3d5cb70d3f2fc4d369a781775451012adc52faef08ff476e40a34fc6a1d6a557dd02ad984c0c
  languageName: node
  linkType: hard

"@types/prop-types@npm:*":
  version: 15.7.4
  resolution: "@types/prop-types@npm:15.7.4"
  checksum: ef6e1899e59b876c273811b1bd845022fc66d5a3d11cb38a25b6c566b30514ae38fe20a40f67622f362a4f4f7f9224e22d8da101cff3d6e97e11d7b4c307cfc1
  languageName: node
  linkType: hard

"@types/react-dom@npm:^17.0.14":
  version: 17.0.14
  resolution: "@types/react-dom@npm:17.0.14"
  dependencies:
    "@types/react": "*"
  checksum: b54cd0ef573236b3d87fe7493e6d1c36d8b4ca37a3b46364272a5c91ac178e3296b68ea1aeb299ce68f12ad663c5720ee890d0539b14881c6754bdcbdb0befa0
  languageName: node
  linkType: hard

"@types/react@npm:*, @types/react@npm:^17.0.43":
  version: 17.0.43
  resolution: "@types/react@npm:17.0.43"
  dependencies:
    "@types/prop-types": "*"
    "@types/scheduler": "*"
    csstype: ^3.0.2
  checksum: 981b0993f5b3ea9d3488b8cc883201e8ae47ba7732929f788f450a79fd72829e658080d5084e67caa008e58d989b0abc1d5f36ff0a1cda09315ea3a3c0c9dc11
  languageName: node
  linkType: hard

"@types/scheduler@npm:*":
  version: 0.16.2
  resolution: "@types/scheduler@npm:0.16.2"
  checksum: b6b4dcfeae6deba2e06a70941860fb1435730576d3689225a421280b7742318d1548b3d22c1f66ab68e414f346a9542f29240bc955b6332c5b11e561077583bc
  languageName: node
  linkType: hard

"concordium-browser-wallet-workspace@workspace:.":
  version: 0.0.0-use.local
  resolution: "concordium-browser-wallet-workspace@workspace:."
  languageName: unknown
  linkType: soft

"concordium-browser-wallet@workspace:packages/concordium-browser-wallet":
  version: 0.0.0-use.local
  resolution: "concordium-browser-wallet@workspace:packages/concordium-browser-wallet"
  dependencies:
    "@types/chrome": ^0.0.180
    "@types/react": ^17.0.43
    "@types/react-dom": ^17.0.14
    concordium-wallet-message-hub: 0.1.0
    esbuild: ^0.14.31
    react: ^18.0.0
    react-dom: ^18.0.0
    typescript: ^4.6.3
  languageName: unknown
  linkType: soft

"concordium-wallet-api@workspace:packages/concordium-wallet-api":
  version: 0.0.0-use.local
  resolution: "concordium-wallet-api@workspace:packages/concordium-wallet-api"
  dependencies:
    concordium-wallet-message-hub: 0.1.0
  languageName: unknown
  linkType: soft

"concordium-wallet-message-hub@0.1.0, concordium-wallet-message-hub@workspace:packages/concordium-wallet-message-hub":
  version: 0.0.0-use.local
  resolution: "concordium-wallet-message-hub@workspace:packages/concordium-wallet-message-hub"
  languageName: unknown
  linkType: soft

"csstype@npm:^3.0.2":
  version: 3.0.11
  resolution: "csstype@npm:3.0.11"
  checksum: 95e56abfe9ca219ae065acb4e43f61771a03170eed919127f558dfa168240867aba7629c8d98a201a0dd06d9a5ce82686f0570031c928516c61816adbc7c877f
  languageName: node
  linkType: hard

"esbuild-android-64@npm:0.14.31":
  version: 0.14.31
  resolution: "esbuild-android-64@npm:0.14.31"
  conditions: os=android & cpu=x64
  languageName: node
  linkType: hard

"esbuild-android-arm64@npm:0.14.31":
  version: 0.14.31
  resolution: "esbuild-android-arm64@npm:0.14.31"
  conditions: os=android & cpu=arm64
  languageName: node
  linkType: hard

"esbuild-darwin-64@npm:0.14.31":
  version: 0.14.31
  resolution: "esbuild-darwin-64@npm:0.14.31"
  conditions: os=darwin & cpu=x64
  languageName: node
  linkType: hard

"esbuild-darwin-arm64@npm:0.14.31":
  version: 0.14.31
  resolution: "esbuild-darwin-arm64@npm:0.14.31"
  conditions: os=darwin & cpu=arm64
  languageName: node
  linkType: hard

"esbuild-freebsd-64@npm:0.14.31":
  version: 0.14.31
  resolution: "esbuild-freebsd-64@npm:0.14.31"
  conditions: os=freebsd & cpu=x64
  languageName: node
  linkType: hard

"esbuild-freebsd-arm64@npm:0.14.31":
  version: 0.14.31
  resolution: "esbuild-freebsd-arm64@npm:0.14.31"
  conditions: os=freebsd & cpu=arm64
  languageName: node
  linkType: hard

"esbuild-linux-32@npm:0.14.31":
  version: 0.14.31
  resolution: "esbuild-linux-32@npm:0.14.31"
  conditions: os=linux & cpu=ia32
  languageName: node
  linkType: hard

"esbuild-linux-64@npm:0.14.31":
  version: 0.14.31
  resolution: "esbuild-linux-64@npm:0.14.31"
  conditions: os=linux & cpu=x64
  languageName: node
  linkType: hard

"esbuild-linux-arm64@npm:0.14.31":
  version: 0.14.31
  resolution: "esbuild-linux-arm64@npm:0.14.31"
  conditions: os=linux & cpu=arm64
  languageName: node
  linkType: hard

"esbuild-linux-arm@npm:0.14.31":
  version: 0.14.31
  resolution: "esbuild-linux-arm@npm:0.14.31"
  conditions: os=linux & cpu=arm
  languageName: node
  linkType: hard

"esbuild-linux-mips64le@npm:0.14.31":
  version: 0.14.31
  resolution: "esbuild-linux-mips64le@npm:0.14.31"
  conditions: os=linux & cpu=mips64el
  languageName: node
  linkType: hard

"esbuild-linux-ppc64le@npm:0.14.31":
  version: 0.14.31
  resolution: "esbuild-linux-ppc64le@npm:0.14.31"
  conditions: os=linux & cpu=ppc64
  languageName: node
  linkType: hard

"esbuild-linux-riscv64@npm:0.14.31":
  version: 0.14.31
  resolution: "esbuild-linux-riscv64@npm:0.14.31"
  conditions: os=linux & cpu=riscv64
  languageName: node
  linkType: hard

"esbuild-linux-s390x@npm:0.14.31":
  version: 0.14.31
  resolution: "esbuild-linux-s390x@npm:0.14.31"
  conditions: os=linux & cpu=s390x
  languageName: node
  linkType: hard

"esbuild-netbsd-64@npm:0.14.31":
  version: 0.14.31
  resolution: "esbuild-netbsd-64@npm:0.14.31"
  conditions: os=netbsd & cpu=x64
  languageName: node
  linkType: hard

"esbuild-openbsd-64@npm:0.14.31":
  version: 0.14.31
  resolution: "esbuild-openbsd-64@npm:0.14.31"
  conditions: os=openbsd & cpu=x64
  languageName: node
  linkType: hard

"esbuild-sunos-64@npm:0.14.31":
  version: 0.14.31
  resolution: "esbuild-sunos-64@npm:0.14.31"
  conditions: os=sunos & cpu=x64
  languageName: node
  linkType: hard

"esbuild-windows-32@npm:0.14.31":
  version: 0.14.31
  resolution: "esbuild-windows-32@npm:0.14.31"
  conditions: os=win32 & cpu=ia32
  languageName: node
  linkType: hard

"esbuild-windows-64@npm:0.14.31":
  version: 0.14.31
  resolution: "esbuild-windows-64@npm:0.14.31"
  conditions: os=win32 & cpu=x64
  languageName: node
  linkType: hard

"esbuild-windows-arm64@npm:0.14.31":
  version: 0.14.31
  resolution: "esbuild-windows-arm64@npm:0.14.31"
  conditions: os=win32 & cpu=arm64
  languageName: node
  linkType: hard

"esbuild@npm:^0.14.31":
  version: 0.14.31
  resolution: "esbuild@npm:0.14.31"
  dependencies:
    esbuild-android-64: 0.14.31
    esbuild-android-arm64: 0.14.31
    esbuild-darwin-64: 0.14.31
    esbuild-darwin-arm64: 0.14.31
    esbuild-freebsd-64: 0.14.31
    esbuild-freebsd-arm64: 0.14.31
    esbuild-linux-32: 0.14.31
    esbuild-linux-64: 0.14.31
    esbuild-linux-arm: 0.14.31
    esbuild-linux-arm64: 0.14.31
    esbuild-linux-mips64le: 0.14.31
    esbuild-linux-ppc64le: 0.14.31
    esbuild-linux-riscv64: 0.14.31
    esbuild-linux-s390x: 0.14.31
    esbuild-netbsd-64: 0.14.31
    esbuild-openbsd-64: 0.14.31
    esbuild-sunos-64: 0.14.31
    esbuild-windows-32: 0.14.31
    esbuild-windows-64: 0.14.31
    esbuild-windows-arm64: 0.14.31
  dependenciesMeta:
    esbuild-android-64:
      optional: true
    esbuild-android-arm64:
      optional: true
    esbuild-darwin-64:
      optional: true
    esbuild-darwin-arm64:
      optional: true
    esbuild-freebsd-64:
      optional: true
    esbuild-freebsd-arm64:
      optional: true
    esbuild-linux-32:
      optional: true
    esbuild-linux-64:
      optional: true
    esbuild-linux-arm:
      optional: true
    esbuild-linux-arm64:
      optional: true
    esbuild-linux-mips64le:
      optional: true
    esbuild-linux-ppc64le:
      optional: true
    esbuild-linux-riscv64:
      optional: true
    esbuild-linux-s390x:
      optional: true
    esbuild-netbsd-64:
      optional: true
    esbuild-openbsd-64:
      optional: true
    esbuild-sunos-64:
      optional: true
    esbuild-windows-32:
      optional: true
    esbuild-windows-64:
      optional: true
    esbuild-windows-arm64:
      optional: true
  bin:
    esbuild: bin/esbuild
  checksum: 6b846ed08919178e6b31b3e194511383d045e142a43050c0b8c4dfb59302569651257b98f4319b2f7c5ecf92888b7388546354ab7ec81a1412275bc8bba4a425
  languageName: node
  linkType: hard

"js-tokens@npm:^3.0.0 || ^4.0.0":
  version: 4.0.0
  resolution: "js-tokens@npm:4.0.0"
  checksum: 8a95213a5a77deb6cbe94d86340e8d9ace2b93bc367790b260101d2f36a2eaf4e4e22d9fa9cf459b38af3a32fb4190e638024cf82ec95ef708680e405ea7cc78
  languageName: node
  linkType: hard

"loose-envify@npm:^1.1.0":
  version: 1.4.0
  resolution: "loose-envify@npm:1.4.0"
  dependencies:
    js-tokens: ^3.0.0 || ^4.0.0
  bin:
    loose-envify: cli.js
  checksum: 6517e24e0cad87ec9888f500c5b5947032cdfe6ef65e1c1936a0c48a524b81e65542c9c3edc91c97d5bddc806ee2a985dbc79be89215d613b1de5db6d1cfe6f4
  languageName: node
  linkType: hard

"react-dom@npm:^18.0.0":
  version: 18.0.0
  resolution: "react-dom@npm:18.0.0"
  dependencies:
    loose-envify: ^1.1.0
    scheduler: ^0.21.0
  peerDependencies:
    react: ^18.0.0
  checksum: dd0ba9f2f31dd728076c892a95b2f5a8dfe79136431b0289afb46eec39d0ca6b6f0f40a60fd8aa6ef702c98ce7c26100d3d4dbc35c7c9e87429cd04f84cb58bd
  languageName: node
  linkType: hard

"react@npm:^18.0.0":
  version: 18.0.0
  resolution: "react@npm:18.0.0"
  dependencies:
    loose-envify: ^1.1.0
  checksum: 293020b96536b3c7113ee57ca5c990a3f25649d1751b1c7a3aabd16dff0691fe9f1eed1206616d0906d05933536052037340a0c8d0941ff870b0eb469a2f975b
  languageName: node
  linkType: hard

"scheduler@npm:^0.21.0":
  version: 0.21.0
  resolution: "scheduler@npm:0.21.0"
  dependencies:
    loose-envify: ^1.1.0
  checksum: 4f8285076041ed2c81acdd1faa987f1655fdbd30554bc667c1ea64743fc74fb3a04ca7d27454b3d678735df5a230137a3b84756061b43dc5796e80701b66d124
  languageName: node
  linkType: hard

"typescript@npm:^4.6.3":
  version: 4.6.3
  resolution: "typescript@npm:4.6.3"
  bin:
    tsc: bin/tsc
    tsserver: bin/tsserver
  checksum: 255bb26c8cb846ca689dd1c3a56587af4f69055907aa2c154796ea28ee0dea871535b1c78f85a6212c77f2657843a269c3a742d09d81495b97b914bf7920415b
  languageName: node
  linkType: hard

"typescript@patch:typescript@^4.6.3#~builtin<compat/typescript>":
  version: 4.6.3
  resolution: "typescript@patch:typescript@npm%3A4.6.3#~builtin<compat/typescript>::version=4.6.3&hash=bda367"
  bin:
    tsc: bin/tsc
    tsserver: bin/tsserver
  checksum: 6bf45caf847062420592e711bc9c28bf5f9a9a7fa8245343b81493e4ededae33f1774009d1234d911422d1646a2c839f44e1a23ecb111b40a60ac2ea4c1482a8
  languageName: node
  linkType: hard
