# This file is generated by running "yarn install" inside your project.
# Manual changes might be lost - proceed with caution!

__metadata:
  version: 6
  cacheKey: 8

"@concordium/browser-wallet-api@workspace:packages/concordium-wallet-api":
  version: 0.0.0-use.local
  resolution: "@concordium/browser-wallet-api@workspace:packages/concordium-wallet-api"
  dependencies:
    "@concordium/browser-wallet-message-hub": 0.1.0
  languageName: unknown
  linkType: soft

"@concordium/browser-wallet-message-hub@0.1.0, @concordium/browser-wallet-message-hub@workspace:packages/concordium-wallet-message-hub":
  version: 0.0.0-use.local
  resolution: "@concordium/browser-wallet-message-hub@workspace:packages/concordium-wallet-message-hub"
  languageName: unknown
  linkType: soft

"@concordium/browser-wallet@workspace:packages/concordium-browser-wallet":
  version: 0.0.0-use.local
  resolution: "@concordium/browser-wallet@workspace:packages/concordium-browser-wallet"
  dependencies:
    "@concordium/browser-wallet-message-hub": 0.1.0
    "@types/chrome": ^0.0.180
    "@types/node": ^17.0.23
    "@types/react": ^17.0.43
    "@types/react-dom": ^17.0.14
    esbuild: ^0.14.31
    react: ^18.0.0
    react-dom: ^18.0.0
    ts-node: ^10.7.0
    typescript: ^4.6.3
  languageName: unknown
  linkType: soft

"@cspotcode/source-map-consumer@npm:0.8.0":
  version: 0.8.0
  resolution: "@cspotcode/source-map-consumer@npm:0.8.0"
  checksum: c0c16ca3d2f58898f1bd74c4f41a189dbcc202e642e60e489cbcc2e52419c4e89bdead02c886a12fb13ea37798ede9e562b2321df997ebc210ae9bd881561b4e
  languageName: node
  linkType: hard

"@cspotcode/source-map-support@npm:0.7.0":
  version: 0.7.0
  resolution: "@cspotcode/source-map-support@npm:0.7.0"
  dependencies:
    "@cspotcode/source-map-consumer": 0.8.0
  checksum: 9faddda7757cd778b5fd6812137b2cc265810043680d6399acc20441668fafcdc874053be9dccd0d9110087287bfad27eb3bf342f72bceca9aa9059f5d0c4be8
  languageName: node
  linkType: hard

"@tsconfig/node10@npm:^1.0.7":
  version: 1.0.8
  resolution: "@tsconfig/node10@npm:1.0.8"
  checksum: b8d5fffbc6b17ef64ef74f7fdbccee02a809a063ade785c3648dae59406bc207f70ea2c4296f92749b33019fa36a5ae716e42e49cc7f1bbf0fd147be0d6b970a
  languageName: node
  linkType: hard

"@tsconfig/node12@npm:^1.0.7":
  version: 1.0.9
  resolution: "@tsconfig/node12@npm:1.0.9"
  checksum: a01b2400ab3582b86b589c6d31dcd0c0656f333adecde85d6d7d4086adb059808b82692380bb169546d189bf771ae21d02544a75b57bd6da4a5dd95f8567bec9
  languageName: node
  linkType: hard

"@tsconfig/node14@npm:^1.0.0":
  version: 1.0.1
  resolution: "@tsconfig/node14@npm:1.0.1"
  checksum: 976345e896c0f059867f94f8d0f6ddb8b1844fb62bf36b727de8a9a68f024857e5db97ed51d3325e23e0616a5e48c034ff51a8d595b3fe7e955f3587540489be
  languageName: node
  linkType: hard

"@tsconfig/node16@npm:^1.0.2":
  version: 1.0.2
  resolution: "@tsconfig/node16@npm:1.0.2"
  checksum: ca94d3639714672bbfd55f03521d3f56bb6a25479bd425da81faf21f13e1e9d15f40f97377dedbbf477a5841c5b0c8f4cd1b391f33553d750b9202c54c2c07aa
  languageName: node
  linkType: hard

"@types/chrome@npm:^0.0.180":
  version: 0.0.180
  resolution: "@types/chrome@npm:0.0.180"
  dependencies:
    "@types/filesystem": "*"
    "@types/har-format": "*"
  checksum: b564442488cfceb18069ead55148762c392761a2174f1a5d3fb6077bfd7b9067b6008c1f41c0b0f118bf2155bbdd81d214723f2dddff15905c706f485d945090
  languageName: node
  linkType: hard

"@types/filesystem@npm:*":
  version: 0.0.32
  resolution: "@types/filesystem@npm:0.0.32"
  dependencies:
    "@types/filewriter": "*"
  checksum: 4b9079d200a3b241722b90e1c5806c4b32c4dac87d42a1c7ef76a2c0dafdbe7d5f1a379b873ad5de73622b44de6599e1522908f67b938d54e785bd1c36e302a0
  languageName: node
  linkType: hard

"@types/filewriter@npm:*":
  version: 0.0.29
  resolution: "@types/filewriter@npm:0.0.29"
  checksum: 0c58aa875c2c245be7dbc42b20212f3203e13d11ec013a4a5cd0febf0e8b87214be5882c05ff9d7bdf0398f145a4fdbc24b7e6cf7b094e134a3b4c7a0598502f
  languageName: node
  linkType: hard

"@types/har-format@npm:*":
  version: 1.2.8
  resolution: "@types/har-format@npm:1.2.8"
  checksum: a14c6f31fb7c39be383638e00b3beaf693acfa6a2d8a10d9333f3d5cb70d3f2fc4d369a781775451012adc52faef08ff476e40a34fc6a1d6a557dd02ad984c0c
  languageName: node
  linkType: hard

"@types/node@npm:^17.0.23":
  version: 17.0.23
  resolution: "@types/node@npm:17.0.23"
  checksum: a3517554737cbb042e76c30d0e5482192ac4d9bea0eeb086e2622d9cabf460a0eb52a696b99fcd18e7fcc93c96db6cc7ae507f6608f256ef0b5c1d8c87a5a470
  languageName: node
  linkType: hard

"@types/prop-types@npm:*":
  version: 15.7.4
  resolution: "@types/prop-types@npm:15.7.4"
  checksum: ef6e1899e59b876c273811b1bd845022fc66d5a3d11cb38a25b6c566b30514ae38fe20a40f67622f362a4f4f7f9224e22d8da101cff3d6e97e11d7b4c307cfc1
  languageName: node
  linkType: hard

"@types/react-dom@npm:^17.0.14":
  version: 17.0.14
  resolution: "@types/react-dom@npm:17.0.14"
  dependencies:
    "@types/react": "*"
  checksum: b54cd0ef573236b3d87fe7493e6d1c36d8b4ca37a3b46364272a5c91ac178e3296b68ea1aeb299ce68f12ad663c5720ee890d0539b14881c6754bdcbdb0befa0
  languageName: node
  linkType: hard

"@types/react@npm:*, @types/react@npm:^17.0.43":
  version: 17.0.43
  resolution: "@types/react@npm:17.0.43"
  dependencies:
    "@types/prop-types": "*"
    "@types/scheduler": "*"
    csstype: ^3.0.2
  checksum: 981b0993f5b3ea9d3488b8cc883201e8ae47ba7732929f788f450a79fd72829e658080d5084e67caa008e58d989b0abc1d5f36ff0a1cda09315ea3a3c0c9dc11
  languageName: node
  linkType: hard

"@types/scheduler@npm:*":
  version: 0.16.2
  resolution: "@types/scheduler@npm:0.16.2"
  checksum: b6b4dcfeae6deba2e06a70941860fb1435730576d3689225a421280b7742318d1548b3d22c1f66ab68e414f346a9542f29240bc955b6332c5b11e561077583bc
  languageName: node
  linkType: hard

"acorn-walk@npm:^8.1.1":
  version: 8.2.0
  resolution: "acorn-walk@npm:8.2.0"
  checksum: 1715e76c01dd7b2d4ca472f9c58968516a4899378a63ad5b6c2d668bba8da21a71976c14ec5f5b75f887b6317c4ae0b897ab141c831d741dc76024d8745f1ad1
  languageName: node
  linkType: hard

"acorn@npm:^8.4.1":
  version: 8.7.0
  resolution: "acorn@npm:8.7.0"
  bin:
    acorn: bin/acorn
  checksum: e0f79409d68923fbf1aa6d4166f3eedc47955320d25c89a20cc822e6ba7c48c5963d5bc657bc242d68f7a4ac9faf96eef033e8f73656da6c640d4219935fdfd0
  languageName: node
  linkType: hard

"arg@npm:^4.1.0":
  version: 4.1.3
  resolution: "arg@npm:4.1.3"
  checksum: 544af8dd3f60546d3e4aff084d451b96961d2267d668670199692f8d054f0415d86fc5497d0e641e91546f0aa920e7c29e5250e99fc89f5552a34b5d93b77f43
  languageName: node
  linkType: hard

"concordium-browser-wallet-workspace@workspace:.":
  version: 0.0.0-use.local
  resolution: "concordium-browser-wallet-workspace@workspace:."
  languageName: unknown
  linkType: soft

"create-require@npm:^1.1.0":
  version: 1.1.1
  resolution: "create-require@npm:1.1.1"
  checksum: a9a1503d4390d8b59ad86f4607de7870b39cad43d929813599a23714831e81c520bddf61bcdd1f8e30f05fd3a2b71ae8538e946eb2786dc65c2bbc520f692eff
  languageName: node
  linkType: hard

"csstype@npm:^3.0.2":
  version: 3.0.11
  resolution: "csstype@npm:3.0.11"
  checksum: 95e56abfe9ca219ae065acb4e43f61771a03170eed919127f558dfa168240867aba7629c8d98a201a0dd06d9a5ce82686f0570031c928516c61816adbc7c877f
  languageName: node
  linkType: hard

"diff@npm:^4.0.1":
  version: 4.0.2
  resolution: "diff@npm:4.0.2"
  checksum: f2c09b0ce4e6b301c221addd83bf3f454c0bc00caa3dd837cf6c127d6edf7223aa2bbe3b688feea110b7f262adbfc845b757c44c8a9f8c0c5b15d8fa9ce9d20d
  languageName: node
  linkType: hard

"esbuild-android-64@npm:0.14.31":
  version: 0.14.31
  resolution: "esbuild-android-64@npm:0.14.31"
  conditions: os=android & cpu=x64
  languageName: node
  linkType: hard

"esbuild-android-arm64@npm:0.14.31":
  version: 0.14.31
  resolution: "esbuild-android-arm64@npm:0.14.31"
  conditions: os=android & cpu=arm64
  languageName: node
  linkType: hard

"esbuild-darwin-64@npm:0.14.31":
  version: 0.14.31
  resolution: "esbuild-darwin-64@npm:0.14.31"
  conditions: os=darwin & cpu=x64
  languageName: node
  linkType: hard

"esbuild-darwin-arm64@npm:0.14.31":
  version: 0.14.31
  resolution: "esbuild-darwin-arm64@npm:0.14.31"
  conditions: os=darwin & cpu=arm64
  languageName: node
  linkType: hard

"esbuild-freebsd-64@npm:0.14.31":
  version: 0.14.31
  resolution: "esbuild-freebsd-64@npm:0.14.31"
  conditions: os=freebsd & cpu=x64
  languageName: node
  linkType: hard

"esbuild-freebsd-arm64@npm:0.14.31":
  version: 0.14.31
  resolution: "esbuild-freebsd-arm64@npm:0.14.31"
  conditions: os=freebsd & cpu=arm64
  languageName: node
  linkType: hard

"esbuild-linux-32@npm:0.14.31":
  version: 0.14.31
  resolution: "esbuild-linux-32@npm:0.14.31"
  conditions: os=linux & cpu=ia32
  languageName: node
  linkType: hard

"esbuild-linux-64@npm:0.14.31":
  version: 0.14.31
  resolution: "esbuild-linux-64@npm:0.14.31"
  conditions: os=linux & cpu=x64
  languageName: node
  linkType: hard

"esbuild-linux-arm64@npm:0.14.31":
  version: 0.14.31
  resolution: "esbuild-linux-arm64@npm:0.14.31"
  conditions: os=linux & cpu=arm64
  languageName: node
  linkType: hard

"esbuild-linux-arm@npm:0.14.31":
  version: 0.14.31
  resolution: "esbuild-linux-arm@npm:0.14.31"
  conditions: os=linux & cpu=arm
  languageName: node
  linkType: hard

"esbuild-linux-mips64le@npm:0.14.31":
  version: 0.14.31
  resolution: "esbuild-linux-mips64le@npm:0.14.31"
  conditions: os=linux & cpu=mips64el
  languageName: node
  linkType: hard

"esbuild-linux-ppc64le@npm:0.14.31":
  version: 0.14.31
  resolution: "esbuild-linux-ppc64le@npm:0.14.31"
  conditions: os=linux & cpu=ppc64
  languageName: node
  linkType: hard

"esbuild-linux-riscv64@npm:0.14.31":
  version: 0.14.31
  resolution: "esbuild-linux-riscv64@npm:0.14.31"
  conditions: os=linux & cpu=riscv64
  languageName: node
  linkType: hard

"esbuild-linux-s390x@npm:0.14.31":
  version: 0.14.31
  resolution: "esbuild-linux-s390x@npm:0.14.31"
  conditions: os=linux & cpu=s390x
  languageName: node
  linkType: hard

"esbuild-netbsd-64@npm:0.14.31":
  version: 0.14.31
  resolution: "esbuild-netbsd-64@npm:0.14.31"
  conditions: os=netbsd & cpu=x64
  languageName: node
  linkType: hard

"esbuild-openbsd-64@npm:0.14.31":
  version: 0.14.31
  resolution: "esbuild-openbsd-64@npm:0.14.31"
  conditions: os=openbsd & cpu=x64
  languageName: node
  linkType: hard

"esbuild-sunos-64@npm:0.14.31":
  version: 0.14.31
  resolution: "esbuild-sunos-64@npm:0.14.31"
  conditions: os=sunos & cpu=x64
  languageName: node
  linkType: hard

"esbuild-windows-32@npm:0.14.31":
  version: 0.14.31
  resolution: "esbuild-windows-32@npm:0.14.31"
  conditions: os=win32 & cpu=ia32
  languageName: node
  linkType: hard

"esbuild-windows-64@npm:0.14.31":
  version: 0.14.31
  resolution: "esbuild-windows-64@npm:0.14.31"
  conditions: os=win32 & cpu=x64
  languageName: node
  linkType: hard

"esbuild-windows-arm64@npm:0.14.31":
  version: 0.14.31
  resolution: "esbuild-windows-arm64@npm:0.14.31"
  conditions: os=win32 & cpu=arm64
  languageName: node
  linkType: hard

"esbuild@npm:^0.14.31":
  version: 0.14.31
  resolution: "esbuild@npm:0.14.31"
  dependencies:
    esbuild-android-64: 0.14.31
    esbuild-android-arm64: 0.14.31
    esbuild-darwin-64: 0.14.31
    esbuild-darwin-arm64: 0.14.31
    esbuild-freebsd-64: 0.14.31
    esbuild-freebsd-arm64: 0.14.31
    esbuild-linux-32: 0.14.31
    esbuild-linux-64: 0.14.31
    esbuild-linux-arm: 0.14.31
    esbuild-linux-arm64: 0.14.31
    esbuild-linux-mips64le: 0.14.31
    esbuild-linux-ppc64le: 0.14.31
    esbuild-linux-riscv64: 0.14.31
    esbuild-linux-s390x: 0.14.31
    esbuild-netbsd-64: 0.14.31
    esbuild-openbsd-64: 0.14.31
    esbuild-sunos-64: 0.14.31
    esbuild-windows-32: 0.14.31
    esbuild-windows-64: 0.14.31
    esbuild-windows-arm64: 0.14.31
  dependenciesMeta:
    esbuild-android-64:
      optional: true
    esbuild-android-arm64:
      optional: true
    esbuild-darwin-64:
      optional: true
    esbuild-darwin-arm64:
      optional: true
    esbuild-freebsd-64:
      optional: true
    esbuild-freebsd-arm64:
      optional: true
    esbuild-linux-32:
      optional: true
    esbuild-linux-64:
      optional: true
    esbuild-linux-arm:
      optional: true
    esbuild-linux-arm64:
      optional: true
    esbuild-linux-mips64le:
      optional: true
    esbuild-linux-ppc64le:
      optional: true
    esbuild-linux-riscv64:
      optional: true
    esbuild-linux-s390x:
      optional: true
    esbuild-netbsd-64:
      optional: true
    esbuild-openbsd-64:
      optional: true
    esbuild-sunos-64:
      optional: true
    esbuild-windows-32:
      optional: true
    esbuild-windows-64:
      optional: true
    esbuild-windows-arm64:
      optional: true
  bin:
    esbuild: bin/esbuild
  checksum: 6b846ed08919178e6b31b3e194511383d045e142a43050c0b8c4dfb59302569651257b98f4319b2f7c5ecf92888b7388546354ab7ec81a1412275bc8bba4a425
  languageName: node
  linkType: hard

"js-tokens@npm:^3.0.0 || ^4.0.0":
  version: 4.0.0
  resolution: "js-tokens@npm:4.0.0"
  checksum: 8a95213a5a77deb6cbe94d86340e8d9ace2b93bc367790b260101d2f36a2eaf4e4e22d9fa9cf459b38af3a32fb4190e638024cf82ec95ef708680e405ea7cc78
  languageName: node
  linkType: hard

"loose-envify@npm:^1.1.0":
  version: 1.4.0
  resolution: "loose-envify@npm:1.4.0"
  dependencies:
    js-tokens: ^3.0.0 || ^4.0.0
  bin:
    loose-envify: cli.js
  checksum: 6517e24e0cad87ec9888f500c5b5947032cdfe6ef65e1c1936a0c48a524b81e65542c9c3edc91c97d5bddc806ee2a985dbc79be89215d613b1de5db6d1cfe6f4
  languageName: node
  linkType: hard

"make-error@npm:^1.1.1":
  version: 1.3.6
  resolution: "make-error@npm:1.3.6"
  checksum: b86e5e0e25f7f777b77fabd8e2cbf15737972869d852a22b7e73c17623928fccb826d8e46b9951501d3f20e51ad74ba8c59ed584f610526a48f8ccf88aaec402
  languageName: node
  linkType: hard

"react-dom@npm:^18.0.0":
  version: 18.0.0
  resolution: "react-dom@npm:18.0.0"
  dependencies:
    loose-envify: ^1.1.0
    scheduler: ^0.21.0
  peerDependencies:
    react: ^18.0.0
  checksum: dd0ba9f2f31dd728076c892a95b2f5a8dfe79136431b0289afb46eec39d0ca6b6f0f40a60fd8aa6ef702c98ce7c26100d3d4dbc35c7c9e87429cd04f84cb58bd
  languageName: node
  linkType: hard

"react@npm:^18.0.0":
  version: 18.0.0
  resolution: "react@npm:18.0.0"
  dependencies:
    loose-envify: ^1.1.0
  checksum: 293020b96536b3c7113ee57ca5c990a3f25649d1751b1c7a3aabd16dff0691fe9f1eed1206616d0906d05933536052037340a0c8d0941ff870b0eb469a2f975b
  languageName: node
  linkType: hard

"scheduler@npm:^0.21.0":
  version: 0.21.0
  resolution: "scheduler@npm:0.21.0"
  dependencies:
    loose-envify: ^1.1.0
  checksum: 4f8285076041ed2c81acdd1faa987f1655fdbd30554bc667c1ea64743fc74fb3a04ca7d27454b3d678735df5a230137a3b84756061b43dc5796e80701b66d124
  languageName: node
  linkType: hard

"ts-node@npm:^10.7.0":
  version: 10.7.0
  resolution: "ts-node@npm:10.7.0"
  dependencies:
    "@cspotcode/source-map-support": 0.7.0
    "@tsconfig/node10": ^1.0.7
    "@tsconfig/node12": ^1.0.7
    "@tsconfig/node14": ^1.0.0
    "@tsconfig/node16": ^1.0.2
    acorn: ^8.4.1
    acorn-walk: ^8.1.1
    arg: ^4.1.0
    create-require: ^1.1.0
    diff: ^4.0.1
    make-error: ^1.1.1
    v8-compile-cache-lib: ^3.0.0
    yn: 3.1.1
  peerDependencies:
    "@swc/core": ">=1.2.50"
    "@swc/wasm": ">=1.2.50"
    "@types/node": "*"
    typescript: ">=2.7"
  peerDependenciesMeta:
    "@swc/core":
      optional: true
    "@swc/wasm":
      optional: true
  bin:
    ts-node: dist/bin.js
    ts-node-cwd: dist/bin-cwd.js
    ts-node-esm: dist/bin-esm.js
    ts-node-script: dist/bin-script.js
    ts-node-transpile-only: dist/bin-transpile.js
    ts-script: dist/bin-script-deprecated.js
  checksum: 2a379e43f7478d0b79e1e63af91fe222d83857727957df4bd3bdf3c0a884de5097b12feb9bbf530074526b8874c0338b0e6328cf334f3a5e2c49c71e837273f7
  languageName: node
  linkType: hard

"typescript@npm:^4.6.3":
  version: 4.6.3
  resolution: "typescript@npm:4.6.3"
  bin:
    tsc: bin/tsc
    tsserver: bin/tsserver
  checksum: 255bb26c8cb846ca689dd1c3a56587af4f69055907aa2c154796ea28ee0dea871535b1c78f85a6212c77f2657843a269c3a742d09d81495b97b914bf7920415b
  languageName: node
  linkType: hard

"typescript@patch:typescript@^4.6.3#~builtin<compat/typescript>":
  version: 4.6.3
  resolution: "typescript@patch:typescript@npm%3A4.6.3#~builtin<compat/typescript>::version=4.6.3&hash=bda367"
  bin:
    tsc: bin/tsc
    tsserver: bin/tsserver
  checksum: 6bf45caf847062420592e711bc9c28bf5f9a9a7fa8245343b81493e4ededae33f1774009d1234d911422d1646a2c839f44e1a23ecb111b40a60ac2ea4c1482a8
  languageName: node
  linkType: hard

"v8-compile-cache-lib@npm:^3.0.0":
  version: 3.0.0
  resolution: "v8-compile-cache-lib@npm:3.0.0"
  checksum: 674e312bbca796584b61dc915f33c7e7dc4e06d196e0048cb772c8964493a1ec723f1dd014d9419fd55c24a6eae148f60769da23f622e05cd13268063fa1ed6b
  languageName: node
  linkType: hard

"yn@npm:3.1.1":
  version: 3.1.1
  resolution: "yn@npm:3.1.1"
  checksum: 2c487b0e149e746ef48cda9f8bad10fc83693cd69d7f9dcd8be4214e985de33a29c9e24f3c0d6bcf2288427040a8947406ab27f7af67ee9456e6b84854f02dd6
  languageName: node
  linkType: hard
