# This file is generated by running "yarn install" inside your project.
# Manual changes might be lost - proceed with caution!

__metadata:
  version: 6

"concordium-browser-wallet-workspace@workspace:.":
  version: 0.0.0-use.local
  resolution: "concordium-browser-wallet-workspace@workspace:."
  languageName: unknown
  linkType: soft

"concordium-browser-wallet@workspace:packages/concordium-browser-wallet":
  version: 0.0.0-use.local
  resolution: "concordium-browser-wallet@workspace:packages/concordium-browser-wallet"
  dependencies:
    concordium-wallet-message-hub: 0.1.0
  languageName: unknown
  linkType: soft

"concordium-wallet-api@workspace:packages/concordium-wallet-api":
  version: 0.0.0-use.local
  resolution: "concordium-wallet-api@workspace:packages/concordium-wallet-api"
  dependencies:
    concordium-wallet-message-hub: 0.1.0
  languageName: unknown
  linkType: soft

"concordium-wallet-message-hub@0.1.0, concordium-wallet-message-hub@workspace:packages/concordium-wallet-message-hub":
  version: 0.0.0-use.local
  resolution: "concordium-wallet-message-hub@workspace:packages/concordium-wallet-message-hub"
  languageName: unknown
  linkType: soft
